{
  "name": "crud-psr4",
  "lockfileVersion": 2,
  "requires": true,
  "packages": {
    "": {
      "dependencies": {
        "vx-easyui": "^1.2.24"
      }
    },
    "node_modules/vx-easyui": {
      "version": "1.2.24",
      "resolved": "https://registry.npmjs.org/vx-easyui/-/vx-easyui-1.2.24.tgz",
      "integrity": "sha512-bNclLd7kk8uE7kje1BjMNzwFZIIIAYZaL8QB6ZB+YS6OeX3SuVusajbvFCGz5NoaoZl5r0tgOp5d21wotVc5yg=="
    }
  },
  "dependencies": {
    "vx-easyui": {
      "version": "1.2.24",
      "resolved": "https://registry.npmjs.org/vx-easyui/-/vx-easyui-1.2.24.tgz",
      "integrity": "sha512-bNclLd7kk8uE7kje1BjMNzwFZIIIAYZaL8QB6ZB+YS6OeX3SuVusajbvFCGz5NoaoZl5r0tgOp5d21wotVc5yg=="
    }
  }
}
